
Microsoft Visual Studio Solution File, Format Version 12.00
# Visual Studio Version 17
VisualStudioVersion = 17.3.32804.467
MinimumVisualStudioVersion = 10.0.40219.1
Project("{9A19103F-16F7-4668-BE54-9A1E7A4F7556}") = "MTR.Domain", "MTR.Domain\MTR.Domain.csproj", "{C63479BE-9E52-41CF-A1D4-F1FD41E7E329}"
EndProject
Project("{9A19103F-16F7-4668-BE54-9A1E7A4F7556}") = "MTR.DAL", "MTR.DAL\MTR.DAL.csproj", "{BB697507-1D0D-479F-9013-1645C3C9E250}"
EndProject
Project("{9A19103F-16F7-4668-BE54-9A1E7A4F7556}") = "MTR.Core", "MTR.Core\MTR.Core.csproj", "{C0A29D94-7BE8-4EC0-B801-4474312B0535}"
EndProject
Project("{9A19103F-16F7-4668-BE54-9A1E7A4F7556}") = "MTR.Tests", "MTR.Tests\MTR.Tests.csproj", "{0A2BB8D1-E792-40CF-84D9-B8A9A734A41F}"
EndProject
Project("{9A19103F-16F7-4668-BE54-9A1E7A4F7556}") = "MTR.DTO", "MTR.DTO\MTR.DTO.csproj", "{7339F70C-7655-4104-96FF-26A40CC2D076}"
EndProject
Project("{9A19103F-16F7-4668-BE54-9A1E7A4F7556}") = "MTR.Web.Server", "MTR.Web\Server\MTR.Web.Server.csproj", "{3B888B15-A93E-4EB5-BE7D-A4476E653793}"
EndProject
Project("{9A19103F-16F7-4668-BE54-9A1E7A4F7556}") = "MTR.Web.Client", "MTR.Web\Client\MTR.Web.Client.csproj", "{A694FDFE-5621-4210-8C77-5BC6542E8D4E}"
EndProject
Project("{9A19103F-16F7-4668-BE54-9A1E7A4F7556}") = "MTR.Web.Shared", "MTR.Web\Shared\MTR.Web.Shared.csproj", "{5CB10322-304B-403A-A51C-E2B81E4DF200}"
EndProject
Global
	GlobalSection(SolutionConfigurationPlatforms) = preSolution
		Debug|Any CPU = Debug|Any CPU
		Release|Any CPU = Release|Any CPU
	EndGlobalSection
	GlobalSection(ProjectConfigurationPlatforms) = postSolution
		{C63479BE-9E52-41CF-A1D4-F1FD41E7E329}.Debug|Any CPU.ActiveCfg = Debug|Any CPU
		{C63479BE-9E52-41CF-A1D4-F1FD41E7E329}.Debug|Any CPU.Build.0 = Debug|Any CPU
		{C63479BE-9E52-41CF-A1D4-F1FD41E7E329}.Release|Any CPU.ActiveCfg = Release|Any CPU
		{C63479BE-9E52-41CF-A1D4-F1FD41E7E329}.Release|Any CPU.Build.0 = Release|Any CPU
		{BB697507-1D0D-479F-9013-1645C3C9E250}.Debug|Any CPU.ActiveCfg = Debug|Any CPU
		{BB697507-1D0D-479F-9013-1645C3C9E250}.Debug|Any CPU.Build.0 = Debug|Any CPU
		{BB697507-1D0D-479F-9013-1645C3C9E250}.Release|Any CPU.ActiveCfg = Release|Any CPU
		{BB697507-1D0D-479F-9013-1645C3C9E250}.Release|Any CPU.Build.0 = Release|Any CPU
		{C0A29D94-7BE8-4EC0-B801-4474312B0535}.Debug|Any CPU.ActiveCfg = Debug|Any CPU
		{C0A29D94-7BE8-4EC0-B801-4474312B0535}.Debug|Any CPU.Build.0 = Debug|Any CPU
		{C0A29D94-7BE8-4EC0-B801-4474312B0535}.Release|Any CPU.ActiveCfg = Release|Any CPU
		{C0A29D94-7BE8-4EC0-B801-4474312B0535}.Release|Any CPU.Build.0 = Release|Any CPU
		{0A2BB8D1-E792-40CF-84D9-B8A9A734A41F}.Debug|Any CPU.ActiveCfg = Debug|Any CPU
		{0A2BB8D1-E792-40CF-84D9-B8A9A734A41F}.Debug|Any CPU.Build.0 = Debug|Any CPU
		{0A2BB8D1-E792-40CF-84D9-B8A9A734A41F}.Release|Any CPU.ActiveCfg = Release|Any CPU
		{0A2BB8D1-E792-40CF-84D9-B8A9A734A41F}.Release|Any CPU.Build.0 = Release|Any CPU
		{7339F70C-7655-4104-96FF-26A40CC2D076}.Debug|Any CPU.ActiveCfg = Debug|Any CPU
		{7339F70C-7655-4104-96FF-26A40CC2D076}.Debug|Any CPU.Build.0 = Debug|Any CPU
		{7339F70C-7655-4104-96FF-26A40CC2D076}.Release|Any CPU.ActiveCfg = Release|Any CPU
		{7339F70C-7655-4104-96FF-26A40CC2D076}.Release|Any CPU.Build.0 = Release|Any CPU
		{3B888B15-A93E-4EB5-BE7D-A4476E653793}.Debug|Any CPU.ActiveCfg = Debug|Any CPU
		{3B888B15-A93E-4EB5-BE7D-A4476E653793}.Debug|Any CPU.Build.0 = Debug|Any CPU
		{3B888B15-A93E-4EB5-BE7D-A4476E653793}.Release|Any CPU.ActiveCfg = Release|Any CPU
		{3B888B15-A93E-4EB5-BE7D-A4476E653793}.Release|Any CPU.Build.0 = Release|Any CPU
		{A694FDFE-5621-4210-8C77-5BC6542E8D4E}.Debug|Any CPU.ActiveCfg = Debug|Any CPU
		{A694FDFE-5621-4210-8C77-5BC6542E8D4E}.Debug|Any CPU.Build.0 = Debug|Any CPU
		{A694FDFE-5621-4210-8C77-5BC6542E8D4E}.Release|Any CPU.ActiveCfg = Release|Any CPU
		{A694FDFE-5621-4210-8C77-5BC6542E8D4E}.Release|Any CPU.Build.0 = Release|Any CPU
		{5CB10322-304B-403A-A51C-E2B81E4DF200}.Debug|Any CPU.ActiveCfg = Debug|Any CPU
		{5CB10322-304B-403A-A51C-E2B81E4DF200}.Debug|Any CPU.Build.0 = Debug|Any CPU
		{5CB10322-304B-403A-A51C-E2B81E4DF200}.Release|Any CPU.ActiveCfg = Release|Any CPU
		{5CB10322-304B-403A-A51C-E2B81E4DF200}.Release|Any CPU.Build.0 = Release|Any CPU
	EndGlobalSection
	GlobalSection(SolutionProperties) = preSolution
		HideSolutionNode = FALSE
	EndGlobalSection
	GlobalSection(ExtensibilityGlobals) = postSolution
		SolutionGuid = {40239EFD-9E40-4C80-A1B1-39E844CF8F06}
	EndGlobalSection
EndGlobal
